
Microsoft Visual Studio Solution File, Format Version 12.00
# Visual Studio Version 17
VisualStudioVersion = 17.7.34202.233
MinimumVisualStudioVersion = 10.0.40219.1
Project("{FAE04EC0-301F-11D3-BF4B-00C04F79EFBC}") = "BTDelegate", "BTDelegate\BTDelegate.csproj", "{871C1A79-BA10-4B69-9800-3DFC3C220C9C}"
EndProject
Global
	GlobalSection(SolutionConfigurationPlatforms) = preSolution
		Debug|Any CPU = Debug|Any CPU
		Release|Any CPU = Release|Any CPU
	EndGlobalSection
	GlobalSection(ProjectConfigurationPlatforms) = postSolution
		{871C1A79-BA10-4B69-9800-3DFC3C220C9C}.Debug|Any CPU.ActiveCfg = Debug|Any CPU
		{871C1A79-BA10-4B69-9800-3DFC3C220C9C}.Debug|Any CPU.Build.0 = Debug|Any CPU
		{871C1A79-BA10-4B69-9800-3DFC3C220C9C}.Release|Any CPU.ActiveCfg = Release|Any CPU
		{871C1A79-BA10-4B69-9800-3DFC3C220C9C}.Release|Any CPU.Build.0 = Release|Any CPU
	EndGlobalSection
	GlobalSection(SolutionProperties) = preSolution
		HideSolutionNode = FALSE
	EndGlobalSection
	GlobalSection(ExtensibilityGlobals) = postSolution
		SolutionGuid = {C3ACB6DA-9D5B-45B5-B490-DB398549FFF6}
	EndGlobalSection
EndGlobal
